
Microsoft Visual Studio Solution File, Format Version 12.00
# Visual Studio 14
VisualStudioVersion = 14.0.25420.1
MinimumVisualStudioVersion = 10.0.40219.1
Project("{FAE04EC0-301F-11D3-BF4B-00C04F79EFBC}") = "WUBS.Infrastructure.Messaging", "WUBS.Infrastructure\WUBS.Infrastructure.Messaging.csproj", "{57FE38A5-43BD-426A-AF6D-AEE026828F41}"
EndProject
Project("{FAE04EC0-301F-11D3-BF4B-00C04F79EFBC}") = "ServiceModelEx", "ServiceModelEx\ServiceModelEx.csproj", "{0858C710-AF53-4049-B98E-CFE3638D1228}"
EndProject
Project("{FAE04EC0-301F-11D3-BF4B-00C04F79EFBC}") = "WUBS.Infrastructure.WCF", "WUBS.Infrastructure.WCF\WUBS.Infrastructure.WCF.csproj", "{26463F8A-5C60-4456-B1F3-180EAD687C6A}"
EndProject
Project("{FAE04EC0-301F-11D3-BF4B-00C04F79EFBC}") = "WUBS.Contracts", "Contracts\WUBS.Contracts\WUBS.Contracts.csproj", "{29D073CB-B200-4981-ADD2-E5C9104169A4}"
EndProject
Project("{FAE04EC0-301F-11D3-BF4B-00C04F79EFBC}") = "WUBS.Utilities.Common", "Utilities\WUBS.Utilities.Common\WUBS.Utilities.Common.csproj", "{C47708DD-6E17-40D9-B887-6493D68453DD}"
EndProject
Project("{FAE04EC0-301F-11D3-BF4B-00C04F79EFBC}") = "WUBS.Endpoints.Client", "ClientEndpoint\WUBS.Endpoints.Client.csproj", "{86861B5F-26D6-4346-BB0B-A662F5B9207A}"
EndProject
Project("{FAE04EC0-301F-11D3-BF4B-00C04F79EFBC}") = "WUBS.Endpoints.Server", "ServerEndpoint\WUBS.Endpoints.Server.csproj", "{C63ECD18-8010-46C7-8C38-FB8849A08E54}"
EndProject
Project("{FAE04EC0-301F-11D3-BF4B-00C04F79EFBC}") = "WUBS.Infrastructure.Logging", "WUBS.Infrastructure.Logging\WUBS.Infrastructure.Logging.csproj", "{0578C418-87BA-4D00-B196-85C409D0C825}"
EndProject
Global
	GlobalSection(SolutionConfigurationPlatforms) = preSolution
		Debug|Any CPU = Debug|Any CPU
		Release|Any CPU = Release|Any CPU
	EndGlobalSection
	GlobalSection(ProjectConfigurationPlatforms) = postSolution
		{57FE38A5-43BD-426A-AF6D-AEE026828F41}.Debug|Any CPU.ActiveCfg = Debug|Any CPU
		{57FE38A5-43BD-426A-AF6D-AEE026828F41}.Debug|Any CPU.Build.0 = Debug|Any CPU
		{57FE38A5-43BD-426A-AF6D-AEE026828F41}.Release|Any CPU.ActiveCfg = Release|Any CPU
		{57FE38A5-43BD-426A-AF6D-AEE026828F41}.Release|Any CPU.Build.0 = Release|Any CPU
		{0858C710-AF53-4049-B98E-CFE3638D1228}.Debug|Any CPU.ActiveCfg = Debug|Any CPU
		{0858C710-AF53-4049-B98E-CFE3638D1228}.Debug|Any CPU.Build.0 = Debug|Any CPU
		{0858C710-AF53-4049-B98E-CFE3638D1228}.Release|Any CPU.ActiveCfg = Release|Any CPU
		{0858C710-AF53-4049-B98E-CFE3638D1228}.Release|Any CPU.Build.0 = Release|Any CPU
		{26463F8A-5C60-4456-B1F3-180EAD687C6A}.Debug|Any CPU.ActiveCfg = Debug|Any CPU
		{26463F8A-5C60-4456-B1F3-180EAD687C6A}.Debug|Any CPU.Build.0 = Debug|Any CPU
		{26463F8A-5C60-4456-B1F3-180EAD687C6A}.Release|Any CPU.ActiveCfg = Release|Any CPU
		{26463F8A-5C60-4456-B1F3-180EAD687C6A}.Release|Any CPU.Build.0 = Release|Any CPU
		{29D073CB-B200-4981-ADD2-E5C9104169A4}.Debug|Any CPU.ActiveCfg = Debug|Any CPU
		{29D073CB-B200-4981-ADD2-E5C9104169A4}.Debug|Any CPU.Build.0 = Debug|Any CPU
		{29D073CB-B200-4981-ADD2-E5C9104169A4}.Release|Any CPU.ActiveCfg = Release|Any CPU
		{29D073CB-B200-4981-ADD2-E5C9104169A4}.Release|Any CPU.Build.0 = Release|Any CPU
		{C47708DD-6E17-40D9-B887-6493D68453DD}.Debug|Any CPU.ActiveCfg = Debug|Any CPU
		{C47708DD-6E17-40D9-B887-6493D68453DD}.Debug|Any CPU.Build.0 = Debug|Any CPU
		{C47708DD-6E17-40D9-B887-6493D68453DD}.Release|Any CPU.ActiveCfg = Release|Any CPU
		{C47708DD-6E17-40D9-B887-6493D68453DD}.Release|Any CPU.Build.0 = Release|Any CPU
		{86861B5F-26D6-4346-BB0B-A662F5B9207A}.Debug|Any CPU.ActiveCfg = Debug|Any CPU
		{86861B5F-26D6-4346-BB0B-A662F5B9207A}.Debug|Any CPU.Build.0 = Debug|Any CPU
		{86861B5F-26D6-4346-BB0B-A662F5B9207A}.Release|Any CPU.ActiveCfg = Release|Any CPU
		{86861B5F-26D6-4346-BB0B-A662F5B9207A}.Release|Any CPU.Build.0 = Release|Any CPU
		{C63ECD18-8010-46C7-8C38-FB8849A08E54}.Debug|Any CPU.ActiveCfg = Debug|Any CPU
		{C63ECD18-8010-46C7-8C38-FB8849A08E54}.Debug|Any CPU.Build.0 = Debug|Any CPU
		{C63ECD18-8010-46C7-8C38-FB8849A08E54}.Release|Any CPU.ActiveCfg = Release|Any CPU
		{C63ECD18-8010-46C7-8C38-FB8849A08E54}.Release|Any CPU.Build.0 = Release|Any CPU
		{0578C418-87BA-4D00-B196-85C409D0C825}.Debug|Any CPU.ActiveCfg = Debug|Any CPU
		{0578C418-87BA-4D00-B196-85C409D0C825}.Debug|Any CPU.Build.0 = Debug|Any CPU
		{0578C418-87BA-4D00-B196-85C409D0C825}.Release|Any CPU.ActiveCfg = Release|Any CPU
		{0578C418-87BA-4D00-B196-85C409D0C825}.Release|Any CPU.Build.0 = Release|Any CPU
	EndGlobalSection
	GlobalSection(SolutionProperties) = preSolution
		HideSolutionNode = FALSE
	EndGlobalSection
	GlobalSection(ExtensibilityGlobals) = postSolution
		SolutionGuid = {C6205C64-FE02-40A0-AA3C-329C3CA99F12}
	EndGlobalSection
EndGlobal
